
Microsoft Visual Studio Solution File, Format Version 12.00
# Visual Studio Version 17
VisualStudioVersion = 17.8.34330.188
MinimumVisualStudioVersion = 10.0.40219.1
Project("{FAE04EC0-301F-11D3-BF4B-00C04F79EFBC}") = "BatFileRunnerService", "BatFileRunnerService\BatFileRunnerService.csproj", "{87C999BB-EC96-4A0F-9013-49F3872B413F}"
EndProject
Project("{FAE04EC0-301F-11D3-BF4B-00C04F79EFBC}") = "BatFileRunnerServiceTrance", "BatFileRunnerServiceTrance\BatFileRunnerServiceTrance.csproj", "{3B7D1F26-19ED-470B-A0D9-CAB0B62BA17F}"
EndProject
Global
	GlobalSection(SolutionConfigurationPlatforms) = preSolution
		Debug|Any CPU = Debug|Any CPU
		Release|Any CPU = Release|Any CPU
	EndGlobalSection
	GlobalSection(ProjectConfigurationPlatforms) = postSolution
		{87C999BB-EC96-4A0F-9013-49F3872B413F}.Debug|Any CPU.ActiveCfg = Debug|Any CPU
		{87C999BB-EC96-4A0F-9013-49F3872B413F}.Debug|Any CPU.Build.0 = Debug|Any CPU
		{87C999BB-EC96-4A0F-9013-49F3872B413F}.Release|Any CPU.ActiveCfg = Release|Any CPU
		{87C999BB-EC96-4A0F-9013-49F3872B413F}.Release|Any CPU.Build.0 = Release|Any CPU
		{3B7D1F26-19ED-470B-A0D9-CAB0B62BA17F}.Debug|Any CPU.ActiveCfg = Debug|Any CPU
		{3B7D1F26-19ED-470B-A0D9-CAB0B62BA17F}.Debug|Any CPU.Build.0 = Debug|Any CPU
		{3B7D1F26-19ED-470B-A0D9-CAB0B62BA17F}.Release|Any CPU.ActiveCfg = Release|Any CPU
		{3B7D1F26-19ED-470B-A0D9-CAB0B62BA17F}.Release|Any CPU.Build.0 = Release|Any CPU
	EndGlobalSection
	GlobalSection(SolutionProperties) = preSolution
		HideSolutionNode = FALSE
	EndGlobalSection
	GlobalSection(ExtensibilityGlobals) = postSolution
		SolutionGuid = {0E46C10D-5F6D-4AB5-B092-2E1F5EB0CC7E}
	EndGlobalSection
EndGlobal
